// !$*UTF8*$!
{
	archiveVersion = 1;
	classes = {
	};
	objectVersion = 46;
	objects = {

/* Begin PBXBuildFile section */
		6DEA779F1E79156700F3512C /* main.m in Sources */ = {isa = PBXBuildFile; fileRef = 6DEA779E1E79156700F3512C /* main.m */; };
		6DEA77A21E79156700F3512C /* AppDelegate.m in Sources */ = {isa = PBXBuildFile; fileRef = 6DEA77A11E79156700F3512C /* AppDelegate.m */; };
		6DEA77A51E79156700F3512C /* ViewController.m in Sources */ = {isa = PBXBuildFile; fileRef = 6DEA77A41E79156700F3512C /* ViewController.m */; };
		6DEA77A81E79156700F3512C /* Main.storyboard in Resources */ = {isa = PBXBuildFile; fileRef = 6DEA77A61E79156700F3512C /* Main.storyboard */; };
		6DEA77AA1E79156700F3512C /* Assets.xcassets in Resources */ = {isa = PBXBuildFile; fileRef = 6DEA77A91E79156700F3512C /* Assets.xcassets */; };
		6DEA77AD1E79156700F3512C /* LaunchScreen.storyboard in Resources */ = {isa = PBXBuildFile; fileRef = 6DEA77AB1E79156700F3512C /* LaunchScreen.storyboard */; };
		6DEA77D51E7919CB00F3512C /* ZBLiveBarrage.m in Sources */ = {isa = PBXBuildFile; fileRef = 6DEA77D21E7919CB00F3512C /* ZBLiveBarrage.m */; };
		6DEA77D61E7919CB00F3512C /* ZBLiveBarrageCell.m in Sources */ = {isa = PBXBuildFile; fileRef = 6DEA77D41E7919CB00F3512C /* ZBLiveBarrageCell.m */; };
		6DEA77DC1E79234C00F3512C /* ZBTestLiveBarrageCell.m in Sources */ = {isa = PBXBuildFile; fileRef = 6DEA77DB1E79234C00F3512C /* ZBTestLiveBarrageCell.m */; };
		6DEA77DF1E7935A900F3512C /* ZBTestModel.m in Sources */ = {isa = PBXBuildFile; fileRef = 6DEA77DE1E7935A900F3512C /* ZBTestModel.m */; };
		6DEA77F41E793B2900F3512C /* image1.jpg in Resources */ = {isa = PBXBuildFile; fileRef = 6DEA77EE1E793B2900F3512C /* image1.jpg */; };
		6DEA77F51E793B2900F3512C /* image2.jpg in Resources */ = {isa = PBXBuildFile; fileRef = 6DEA77EF1E793B2900F3512C /* image2.jpg */; };
		6DEA77F61E793B2900F3512C /* image3.png in Resources */ = {isa = PBXBuildFile; fileRef = 6DEA77F01E793B2900F3512C /* image3.png */; };
		6DEA77F71E793B2900F3512C /* image4.jpg in Resources */ = {isa = PBXBuildFile; fileRef = 6DEA77F11E793B2900F3512C /* image4.jpg */; };
		6DEA77F81E793B2900F3512C /* image0.jpg in Resources */ = {isa = PBXBuildFile; fileRef = 6DEA77F21E793B2900F3512C /* image0.jpg */; };
		6DEA77F91E793B2900F3512C /* image5.jpg in Resources */ = {isa = PBXBuildFile; fileRef = 6DEA77F31E793B2900F3512C /* image5.jpg */; };
		9A6377DF1F2C155100F4A254 /* MASCompositeConstraint.m in Sources */ = {isa = PBXBuildFile; fileRef = 9A6377C61F2C155100F4A254 /* MASCompositeConstraint.m */; };
		9A6377E01F2C155100F4A254 /* MASConstraint.m in Sources */ = {isa = PBXBuildFile; fileRef = 9A6377C91F2C155100F4A254 /* MASConstraint.m */; };
		9A6377E11F2C155100F4A254 /* MASConstraintMaker.m in Sources */ = {isa = PBXBuildFile; fileRef = 9A6377CB1F2C155100F4A254 /* MASConstraintMaker.m */; };
		9A6377E21F2C155100F4A254 /* MASLayoutConstraint.m in Sources */ = {isa = PBXBuildFile; fileRef = 9A6377CD1F2C155100F4A254 /* MASLayoutConstraint.m */; };
		9A6377E31F2C155100F4A254 /* MASViewAttribute.m in Sources */ = {isa = PBXBuildFile; fileRef = 9A6377D11F2C155100F4A254 /* MASViewAttribute.m */; };
		9A6377E41F2C155100F4A254 /* MASViewConstraint.m in Sources */ = {isa = PBXBuildFile; fileRef = 9A6377D31F2C155100F4A254 /* MASViewConstraint.m */; };
		9A6377E51F2C155100F4A254 /* NSArray+MASAdditions.m in Sources */ = {isa = PBXBuildFile; fileRef = 9A6377D51F2C155100F4A254 /* NSArray+MASAdditions.m */; };
		9A6377E61F2C155100F4A254 /* NSLayoutConstraint+MASDebugAdditions.m in Sources */ = {isa = PBXBuildFile; fileRef = 9A6377D81F2C155100F4A254 /* NSLayoutConstraint+MASDebugAdditions.m */; };
		9A6377E71F2C155100F4A254 /* View+MASAdditions.m in Sources */ = {isa = PBXBuildFile; fileRef = 9A6377DA1F2C155100F4A254 /* View+MASAdditions.m */; };
		9A6377E81F2C155100F4A254 /* ViewController+MASAdditions.m in Sources */ = {isa = PBXBuildFile; fileRef = 9A6377DD1F2C155100F4A254 /* ViewController+MASAdditions.m */; };
/* End PBXBuildFile section */

/* Begin PBXFileReference section */
		6DEA779A1E79156700F3512C /* ZBLiveBarrage.app */ = {isa = PBXFileReference; explicitFileType = wrapper.application; includeInIndex = 0; path = ZBLiveBarrage.app; sourceTree = BUILT_PRODUCTS_DIR; };
		6DEA779E1E79156700F3512C /* main.m */ = {isa = PBXFileReference; lastKnownFileType = sourcecode.c.objc; path = main.m; sourceTree = "<group>"; };
		6DEA77A01E79156700F3512C /* AppDelegate.h */ = {isa = PBXFileReference; lastKnownFileType = sourcecode.c.h; path = AppDelegate.h; sourceTree = "<group>"; };
		6DEA77A11E79156700F3512C /* AppDelegate.m */ = {isa = PBXFileReference; lastKnownFileType = sourcecode.c.objc; path = AppDelegate.m; sourceTree = "<group>"; };
		6DEA77A31E79156700F3512C /* ViewController.h */ = {isa = PBXFileReference; lastKnownFileType = sourcecode.c.h; path = ViewController.h; sourceTree = "<group>"; };
		6DEA77A41E79156700F3512C /* ViewController.m */ = {isa = PBXFileReference; lastKnownFileType = sourcecode.c.objc; path = ViewController.m; sourceTree = "<group>"; };
		6DEA77A71E79156700F3512C /* Base */ = {isa = PBXFileReference; lastKnownFileType = file.storyboard; name = Base; path = Base.lproj/Main.storyboard; sourceTree = "<group>"; };
		6DEA77A91E79156700F3512C /* Assets.xcassets */ = {isa = PBXFileReference; lastKnownFileType = folder.assetcatalog; path = Assets.xcassets; sourceTree = "<group>"; };
		6DEA77AC1E79156700F3512C /* Base */ = {isa = PBXFileReference; lastKnownFileType = file.storyboard; name = Base; path = Base.lproj/LaunchScreen.storyboard; sourceTree = "<group>"; };
		6DEA77AE1E79156700F3512C /* Info.plist */ = {isa = PBXFileReference; lastKnownFileType = text.plist.xml; path = Info.plist; sourceTree = "<group>"; };
		6DEA77D11E7919CB00F3512C /* ZBLiveBarrage.h */ = {isa = PBXFileReference; fileEncoding = 4; lastKnownFileType = sourcecode.c.h; path = ZBLiveBarrage.h; sourceTree = "<group>"; };
		6DEA77D21E7919CB00F3512C /* ZBLiveBarrage.m */ = {isa = PBXFileReference; fileEncoding = 4; lastKnownFileType = sourcecode.c.objc; path = ZBLiveBarrage.m; sourceTree = "<group>"; };
		6DEA77D31E7919CB00F3512C /* ZBLiveBarrageCell.h */ = {isa = PBXFileReference; fileEncoding = 4; lastKnownFileType = sourcecode.c.h; path = ZBLiveBarrageCell.h; sourceTree = "<group>"; };
		6DEA77D41E7919CB00F3512C /* ZBLiveBarrageCell.m */ = {isa = PBXFileReference; fileEncoding = 4; lastKnownFileType = sourcecode.c.objc; path = ZBLiveBarrageCell.m; sourceTree = "<group>"; };
		6DEA77DA1E79234B00F3512C /* ZBTestLiveBarrageCell.h */ = {isa = PBXFileReference; fileEncoding = 4; lastKnownFileType = sourcecode.c.h; path = ZBTestLiveBarrageCell.h; sourceTree = "<group>"; };
		6DEA77DB1E79234C00F3512C /* ZBTestLiveBarrageCell.m */ = {isa = PBXFileReference; fileEncoding = 4; lastKnownFileType = sourcecode.c.objc; path = ZBTestLiveBarrageCell.m; sourceTree = "<group>"; };
		6DEA77DD1E7935A900F3512C /* ZBTestModel.h */ = {isa = PBXFileReference; fileEncoding = 4; lastKnownFileType = sourcecode.c.h; path = ZBTestModel.h; sourceTree = "<group>"; };
		6DEA77DE1E7935A900F3512C /* ZBTestModel.m */ = {isa = PBXFileReference; fileEncoding = 4; lastKnownFileType = sourcecode.c.objc; path = ZBTestModel.m; sourceTree = "<group>"; };
		6DEA77EE1E793B2900F3512C /* image1.jpg */ = {isa = PBXFileReference; lastKnownFileType = image.jpeg; path = image1.jpg; sourceTree = "<group>"; };
		6DEA77EF1E793B2900F3512C /* image2.jpg */ = {isa = PBXFileReference; lastKnownFileType = image.jpeg; path = image2.jpg; sourceTree = "<group>"; };
		6DEA77F01E793B2900F3512C /* image3.png */ = {isa = PBXFileReference; lastKnownFileType = image.png; path = image3.png; sourceTree = "<group>"; };
		6DEA77F11E793B2900F3512C /* image4.jpg */ = {isa = PBXFileReference; lastKnownFileType = image.jpeg; path = image4.jpg; sourceTree = "<group>"; };
		6DEA77F21E793B2900F3512C /* image0.jpg */ = {isa = PBXFileReference; lastKnownFileType = image.jpeg; path = image0.jpg; sourceTree = "<group>"; };
		6DEA77F31E793B2900F3512C /* image5.jpg */ = {isa = PBXFileReference; lastKnownFileType = image.jpeg; path = image5.jpg; sourceTree = "<group>"; };
		9A6377C51F2C155100F4A254 /* MASCompositeConstraint.h */ = {isa = PBXFileReference; fileEncoding = 4; lastKnownFileType = sourcecode.c.h; path = MASCompositeConstraint.h; sourceTree = "<group>"; };
		9A6377C61F2C155100F4A254 /* MASCompositeConstraint.m */ = {isa = PBXFileReference; fileEncoding = 4; lastKnownFileType = sourcecode.c.objc; path = MASCompositeConstraint.m; sourceTree = "<group>"; };
		9A6377C71F2C155100F4A254 /* MASConstraint+Private.h */ = {isa = PBXFileReference; fileEncoding = 4; lastKnownFileType = sourcecode.c.h; path = "MASConstraint+Private.h"; sourceTree = "<group>"; };
		9A6377C81F2C155100F4A254 /* MASConstraint.h */ = {isa = PBXFileReference; fileEncoding = 4; lastKnownFileType = sourcecode.c.h; path = MASConstraint.h; sourceTree = "<group>"; };
		9A6377C91F2C155100F4A254 /* MASConstraint.m */ = {isa = PBXFileReference; fileEncoding = 4; lastKnownFileType = sourcecode.c.objc; path = MASConstraint.m; sourceTree = "<group>"; };
		9A6377CA1F2C155100F4A254 /* MASConstraintMaker.h */ = {isa = PBXFileReference; fileEncoding = 4; lastKnownFileType = sourcecode.c.h; path = MASConstraintMaker.h; sourceTree = "<group>"; };
		9A6377CB1F2C155100F4A254 /* MASConstraintMaker.m */ = {isa = PBXFileReference; fileEncoding = 4; lastKnownFileType = sourcecode.c.objc; path = MASConstraintMaker.m; sourceTree = "<group>"; };
		9A6377CC1F2C155100F4A254 /* MASLayoutConstraint.h */ = {isa = PBXFileReference; fileEncoding = 4; lastKnownFileType = sourcecode.c.h; path = MASLayoutConstraint.h; sourceTree = "<group>"; };
		9A6377CD1F2C155100F4A254 /* MASLayoutConstraint.m */ = {isa = PBXFileReference; fileEncoding = 4; lastKnownFileType = sourcecode.c.objc; path = MASLayoutConstraint.m; sourceTree = "<group>"; };
		9A6377CE1F2C155100F4A254 /* Masonry.h */ = {isa = PBXFileReference; fileEncoding = 4; lastKnownFileType = sourcecode.c.h; path = Masonry.h; sourceTree = "<group>"; };
		9A6377CF1F2C155100F4A254 /* MASUtilities.h */ = {isa = PBXFileReference; fileEncoding = 4; lastKnownFileType = sourcecode.c.h; path = MASUtilities.h; sourceTree = "<group>"; };
		9A6377D01F2C155100F4A254 /* MASViewAttribute.h */ = {isa = PBXFileReference; fileEncoding = 4; lastKnownFileType = sourcecode.c.h; path = MASViewAttribute.h; sourceTree = "<group>"; };
		9A6377D11F2C155100F4A254 /* MASViewAttribute.m */ = {isa = PBXFileReference; fileEncoding = 4; lastKnownFileType = sourcecode.c.objc; path = MASViewAttribute.m; sourceTree = "<group>"; };
		9A6377D21F2C155100F4A254 /* MASViewConstraint.h */ = {isa = PBXFileReference; fileEncoding = 4; lastKnownFileType = sourcecode.c.h; path = MASViewConstraint.h; sourceTree = "<group>"; };
		9A6377D31F2C155100F4A254 /* MASViewConstraint.m */ = {isa = PBXFileReference; fileEncoding = 4; lastKnownFileType = sourcecode.c.objc; path = MASViewConstraint.m; sourceTree = "<group>"; };
		9A6377D41F2C155100F4A254 /* NSArray+MASAdditions.h */ = {isa = PBXFileReference; fileEncoding = 4; lastKnownFileType = sourcecode.c.h; path = "NSArray+MASAdditions.h"; sourceTree = "<group>"; };
		9A6377D51F2C155100F4A254 /* NSArray+MASAdditions.m */ = {isa = PBXFileReference; fileEncoding = 4; lastKnownFileType = sourcecode.c.objc; path = "NSArray+MASAdditions.m"; sourceTree = "<group>"; };
		9A6377D61F2C155100F4A254 /* NSArray+MASShorthandAdditions.h */ = {isa = PBXFileReference; fileEncoding = 4; lastKnownFileType = sourcecode.c.h; path = "NSArray+MASShorthandAdditions.h"; sourceTree = "<group>"; };
		9A6377D71F2C155100F4A254 /* NSLayoutConstraint+MASDebugAdditions.h */ = {isa = PBXFileReference; fileEncoding = 4; lastKnownFileType = sourcecode.c.h; path = "NSLayoutConstraint+MASDebugAdditions.h"; sourceTree = "<group>"; };
		9A6377D81F2C155100F4A254 /* NSLayoutConstraint+MASDebugAdditions.m */ = {isa = PBXFileReference; fileEncoding = 4; lastKnownFileType = sourcecode.c.objc; path = "NSLayoutConstraint+MASDebugAdditions.m"; sourceTree = "<group>"; };
		9A6377D91F2C155100F4A254 /* View+MASAdditions.h */ = {isa = PBXFileReference; fileEncoding = 4; lastKnownFileType = sourcecode.c.h; path = "View+MASAdditions.h"; sourceTree = "<group>"; };
		9A6377DA1F2C155100F4A254 /* View+MASAdditions.m */ = {isa = PBXFileReference; fileEncoding = 4; lastKnownFileType = sourcecode.c.objc; path = "View+MASAdditions.m"; sourceTree = "<group>"; };
		9A6377DB1F2C155100F4A254 /* View+MASShorthandAdditions.h */ = {isa = PBXFileReference; fileEncoding = 4; lastKnownFileType = sourcecode.c.h; path = "View+MASShorthandAdditions.h"; sourceTree = "<group>"; };
		9A6377DC1F2C155100F4A254 /* ViewController+MASAdditions.h */ = {isa = PBXFileReference; fileEncoding = 4; lastKnownFileType = sourcecode.c.h; path = "ViewController+MASAdditions.h"; sourceTree = "<group>"; };
		9A6377DD1F2C155100F4A254 /* ViewController+MASAdditions.m */ = {isa = PBXFileReference; fileEncoding = 4; lastKnownFileType = sourcecode.c.objc; path = "ViewController+MASAdditions.m"; sourceTree = "<group>"; };
/* End PBXFileReference section */

/* Begin PBXFrameworksBuildPhase section */
		6DEA77971E79156700F3512C /* Frameworks */ = {
			isa = PBXFrameworksBuildPhase;
			buildActionMask = 2147483647;
			files = (
			);
			runOnlyForDeploymentPostprocessing = 0;
		};
/* End PBXFrameworksBuildPhase section */

/* Begin PBXGroup section */
		6DEA77911E79156700F3512C = {
			isa = PBXGroup;
			children = (
				6DEA779C1E79156700F3512C /* ZBLiveBarrage */,
				6DEA779B1E79156700F3512C /* Products */,
			);
			sourceTree = "<group>";
		};
		6DEA779B1E79156700F3512C /* Products */ = {
			isa = PBXGroup;
			children = (
				6DEA779A1E79156700F3512C /* ZBLiveBarrage.app */,
			);
			name = Products;
			sourceTree = "<group>";
		};
		6DEA779C1E79156700F3512C /* ZBLiveBarrage */ = {
			isa = PBXGroup;
			children = (
				6DEA77D01E7919CB00F3512C /* ZBLiveBarrage */,
				6DEA77A01E79156700F3512C /* AppDelegate.h */,
				6DEA77A11E79156700F3512C /* AppDelegate.m */,
				6DEA77A31E79156700F3512C /* ViewController.h */,
				6DEA77A41E79156700F3512C /* ViewController.m */,
				6DEA77DD1E7935A900F3512C /* ZBTestModel.h */,
				6DEA77DE1E7935A900F3512C /* ZBTestModel.m */,
				6DEA77DA1E79234B00F3512C /* ZBTestLiveBarrageCell.h */,
				6DEA77DB1E79234C00F3512C /* ZBTestLiveBarrageCell.m */,
				6DEA77A61E79156700F3512C /* Main.storyboard */,
				6DEA77A91E79156700F3512C /* Assets.xcassets */,
				6DEA77AB1E79156700F3512C /* LaunchScreen.storyboard */,
				6DEA77AE1E79156700F3512C /* Info.plist */,
				6DEA779D1E79156700F3512C /* Supporting Files */,
			);
			path = ZBLiveBarrage;
			sourceTree = "<group>";
		};
		6DEA779D1E79156700F3512C /* Supporting Files */ = {
			isa = PBXGroup;
			children = (
				9A6377C31F2C155100F4A254 /* Masonry */,
				6DEA77ED1E793B2900F3512C /* Images */,
				6DEA779E1E79156700F3512C /* main.m */,
			);
			name = "Supporting Files";
			sourceTree = "<group>";
		};
		6DEA77D01E7919CB00F3512C /* ZBLiveBarrage */ = {
			isa = PBXGroup;
			children = (
				6DEA77D11E7919CB00F3512C /* ZBLiveBarrage.h */,
				6DEA77D21E7919CB00F3512C /* ZBLiveBarrage.m */,
				6DEA77D31E7919CB00F3512C /* ZBLiveBarrageCell.h */,
				6DEA77D41E7919CB00F3512C /* ZBLiveBarrageCell.m */,
			);
			path = ZBLiveBarrage;
			sourceTree = "<group>";
		};
		6DEA77ED1E793B2900F3512C /* Images */ = {
			isa = PBXGroup;
			children = (
				6DEA77EE1E793B2900F3512C /* image1.jpg */,
				6DEA77EF1E793B2900F3512C /* image2.jpg */,
				6DEA77F01E793B2900F3512C /* image3.png */,
				6DEA77F11E793B2900F3512C /* image4.jpg */,
				6DEA77F21E793B2900F3512C /* image0.jpg */,
				6DEA77F31E793B2900F3512C /* image5.jpg */,
			);
			path = Images;
			sourceTree = "<group>";
		};
		9A6377C31F2C155100F4A254 /* Masonry */ = {
			isa = PBXGroup;
			children = (
				9A6377C51F2C155100F4A254 /* MASCompositeConstraint.h */,
				9A6377C61F2C155100F4A254 /* MASCompositeConstraint.m */,
				9A6377C71F2C155100F4A254 /* MASConstraint+Private.h */,
				9A6377C81F2C155100F4A254 /* MASConstraint.h */,
				9A6377C91F2C155100F4A254 /* MASConstraint.m */,
				9A6377CA1F2C155100F4A254 /* MASConstraintMaker.h */,
				9A6377CB1F2C155100F4A254 /* MASConstraintMaker.m */,
				9A6377CC1F2C155100F4A254 /* MASLayoutConstraint.h */,
				9A6377CD1F2C155100F4A254 /* MASLayoutConstraint.m */,
				9A6377CE1F2C155100F4A254 /* Masonry.h */,
				9A6377CF1F2C155100F4A254 /* MASUtilities.h */,
				9A6377D01F2C155100F4A254 /* MASViewAttribute.h */,
				9A6377D11F2C155100F4A254 /* MASViewAttribute.m */,
				9A6377D21F2C155100F4A254 /* MASViewConstraint.h */,
				9A6377D31F2C155100F4A254 /* MASViewConstraint.m */,
				9A6377D41F2C155100F4A254 /* NSArray+MASAdditions.h */,
				9A6377D51F2C155100F4A254 /* NSArray+MASAdditions.m */,
				9A6377D61F2C155100F4A254 /* NSArray+MASShorthandAdditions.h */,
				9A6377D71F2C155100F4A254 /* NSLayoutConstraint+MASDebugAdditions.h */,
				9A6377D81F2C155100F4A254 /* NSLayoutConstraint+MASDebugAdditions.m */,
				9A6377D91F2C155100F4A254 /* View+MASAdditions.h */,
				9A6377DA1F2C155100F4A254 /* View+MASAdditions.m */,
				9A6377DB1F2C155100F4A254 /* View+MASShorthandAdditions.h */,
				9A6377DC1F2C155100F4A254 /* ViewController+MASAdditions.h */,
				9A6377DD1F2C155100F4A254 /* ViewController+MASAdditions.m */,
			);
			path = Masonry;
			sourceTree = "<group>";
		};
/* End PBXGroup section */

/* Begin PBXNativeTarget section */
		6DEA77991E79156700F3512C /* ZBLiveBarrage */ = {
			isa = PBXNativeTarget;
			buildConfigurationList = 6DEA77C71E79156800F3512C /* Build configuration list for PBXNativeTarget "ZBLiveBarrage" */;
			buildPhases = (
				6DEA77961E79156700F3512C /* Sources */,
				6DEA77971E79156700F3512C /* Frameworks */,
				6DEA77981E79156700F3512C /* Resources */,
			);
			buildRules = (
			);
			dependencies = (
			);
			name = ZBLiveBarrage;
			productName = ZBLiveBarrage;
			productReference = 6DEA779A1E79156700F3512C /* ZBLiveBarrage.app */;
			productType = "com.apple.product-type.application";
		};
/* End PBXNativeTarget section */

/* Begin PBXProject section */
		6DEA77921E79156700F3512C /* Project object */ = {
			isa = PBXProject;
			attributes = {
				LastUpgradeCheck = 0820;
				ORGANIZATIONNAME = "张宝";
				TargetAttributes = {
					6DEA77991E79156700F3512C = {
						CreatedOnToolsVersion = 8.2.1;
						DevelopmentTeam = 487PQPPTGA;
						ProvisioningStyle = Automatic;
					};
				};
			};
			buildConfigurationList = 6DEA77951E79156700F3512C /* Build configuration list for PBXProject "ZBLiveBarrage" */;
			compatibilityVersion = "Xcode 3.2";
			developmentRegion = English;
			hasScannedForEncodings = 0;
			knownRegions = (
				en,
				Base,
			);
			mainGroup = 6DEA77911E79156700F3512C;
			productRefGroup = 6DEA779B1E79156700F3512C /* Products */;
			projectDirPath = "";
			projectRoot = "";
			targets = (
				6DEA77991E79156700F3512C /* ZBLiveBarrage */,
			);
		};
/* End PBXProject section */

/* Begin PBXResourcesBuildPhase section */
		6DEA77981E79156700F3512C /* Resources */ = {
			isa = PBXResourcesBuildPhase;
			buildActionMask = 2147483647;
			files = (
				6DEA77F81E793B2900F3512C /* image0.jpg in Resources */,
				6DEA77AD1E79156700F3512C /* LaunchScreen.storyboard in Resources */,
				6DEA77AA1E79156700F3512C /* Assets.xcassets in Resources */,
				6DEA77F41E793B2900F3512C /* image1.jpg in Resources */,
				6DEA77A81E79156700F3512C /* Main.storyboard in Resources */,
				6DEA77F71E793B2900F3512C /* image4.jpg in Resources */,
				6DEA77F91E793B2900F3512C /* image5.jpg in Resources */,
				6DEA77F51E793B2900F3512C /* image2.jpg in Resources */,
				6DEA77F61E793B2900F3512C /* image3.png in Resources */,
			);
			runOnlyForDeploymentPostprocessing = 0;
		};
/* End PBXResourcesBuildPhase section */

/* Begin PBXSourcesBuildPhase section */
		6DEA77961E79156700F3512C /* Sources */ = {
			isa = PBXSourcesBuildPhase;
			buildActionMask = 2147483647;
			files = (
				9A6377E51F2C155100F4A254 /* NSArray+MASAdditions.m in Sources */,
				9A6377E41F2C155100F4A254 /* MASViewConstraint.m in Sources */,
				6DEA77A51E79156700F3512C /* ViewController.m in Sources */,
				9A6377E11F2C155100F4A254 /* MASConstraintMaker.m in Sources */,
				9A6377E71F2C155100F4A254 /* View+MASAdditions.m in Sources */,
				6DEA77DC1E79234C00F3512C /* ZBTestLiveBarrageCell.m in Sources */,
				9A6377E01F2C155100F4A254 /* MASConstraint.m in Sources */,
				6DEA77DF1E7935A900F3512C /* ZBTestModel.m in Sources */,
				9A6377E31F2C155100F4A254 /* MASViewAttribute.m in Sources */,
				9A6377E61F2C155100F4A254 /* NSLayoutConstraint+MASDebugAdditions.m in Sources */,
				6DEA77A21E79156700F3512C /* AppDelegate.m in Sources */,
				9A6377DF1F2C155100F4A254 /* MASCompositeConstraint.m in Sources */,
				9A6377E21F2C155100F4A254 /* MASLayoutConstraint.m in Sources */,
				6DEA77D51E7919CB00F3512C /* ZBLiveBarrage.m in Sources */,
				6DEA77D61E7919CB00F3512C /* ZBLiveBarrageCell.m in Sources */,
				9A6377E81F2C155100F4A254 /* ViewController+MASAdditions.m in Sources */,
				6DEA779F1E79156700F3512C /* main.m in Sources */,
			);
			runOnlyForDeploymentPostprocessing = 0;
		};
/* End PBXSourcesBuildPhase section */

/* Begin PBXVariantGroup section */
		6DEA77A61E79156700F3512C /* Main.storyboard */ = {
			isa = PBXVariantGroup;
			children = (
				6DEA77A71E79156700F3512C /* Base */,
			);
			name = Main.storyboard;
			sourceTree = "<group>";
		};
		6DEA77AB1E79156700F3512C /* LaunchScreen.storyboard */ = {
			isa = PBXVariantGroup;
			children = (
				6DEA77AC1E79156700F3512C /* Base */,
			);
			name = LaunchScreen.storyboard;
			sourceTree = "<group>";
		};
/* End PBXVariantGroup section */

/* Begin XCBuildConfiguration section */
		6DEA77C51E79156800F3512C /* Debug */ = {
			isa = XCBuildConfiguration;
			buildSettings = {
				ALWAYS_SEARCH_USER_PATHS = NO;
				CLANG_ANALYZER_NONNULL = YES;
				CLANG_CXX_LANGUAGE_STANDARD = "gnu++0x";
				CLANG_CXX_LIBRARY = "libc++";
				CLANG_ENABLE_MODULES = YES;
				CLANG_ENABLE_OBJC_ARC = YES;
				CLANG_WARN_BOOL_CONVERSION = YES;
				CLANG_WARN_CONSTANT_CONVERSION = YES;
				CLANG_WARN_DIRECT_OBJC_ISA_USAGE = YES_ERROR;
				CLANG_WARN_DOCUMENTATION_COMMENTS = YES;
				CLANG_WARN_EMPTY_BODY = YES;
				CLANG_WARN_ENUM_CONVERSION = YES;
				CLANG_WARN_INFINITE_RECURSION = YES;
				CLANG_WARN_INT_CONVERSION = YES;
				CLANG_WARN_OBJC_ROOT_CLASS = YES_ERROR;
				CLANG_WARN_SUSPICIOUS_MOVE = YES;
				CLANG_WARN_UNREACHABLE_CODE = YES;
				CLANG_WARN__DUPLICATE_METHOD_MATCH = YES;
				"CODE_SIGN_IDENTITY[sdk=iphoneos*]" = "iPhone Developer";
				COPY_PHASE_STRIP = NO;
				DEBUG_INFORMATION_FORMAT = dwarf;
				ENABLE_STRICT_OBJC_MSGSEND = YES;
				ENABLE_TESTABILITY = YES;
				GCC_C_LANGUAGE_STANDARD = gnu99;
				GCC_DYNAMIC_NO_PIC = NO;
				GCC_NO_COMMON_BLOCKS = YES;
				GCC_OPTIMIZATION_LEVEL = 0;
				GCC_PREPROCESSOR_DEFINITIONS = (
					"DEBUG=1",
					"$(inherited)",
				);
				GCC_WARN_64_TO_32_BIT_CONVERSION = YES;
				GCC_WARN_ABOUT_RETURN_TYPE = YES_ERROR;
				GCC_WARN_UNDECLARED_SELECTOR = YES;
				GCC_WARN_UNINITIALIZED_AUTOS = YES_AGGRESSIVE;
				GCC_WARN_UNUSED_FUNCTION = YES;
				GCC_WARN_UNUSED_VARIABLE = YES;
				IPHONEOS_DEPLOYMENT_TARGET = 10.2;
				MTL_ENABLE_DEBUG_INFO = YES;
				ONLY_ACTIVE_ARCH = YES;
				SDKROOT = iphoneos;
			};
			name = Debug;
		};
		6DEA77C61E79156800F3512C /* Release */ = {
			isa = XCBuildConfiguration;
			buildSettings = {
				ALWAYS_SEARCH_USER_PATHS = NO;
				CLANG_ANALYZER_NONNULL = YES;
				CLANG_CXX_LANGUAGE_STANDARD = "gnu++0x";
				CLANG_CXX_LIBRARY = "libc++";
				CLANG_ENABLE_MODULES = YES;
				CLANG_ENABLE_OBJC_ARC = YES;
				CLANG_WARN_BOOL_CONVERSION = YES;
				CLANG_WARN_CONSTANT_CONVERSION = YES;
				CLANG_WARN_DIRECT_OBJC_ISA_USAGE = YES_ERROR;
				CLANG_WARN_DOCUMENTATION_COMMENTS = YES;
				CLANG_WARN_EMPTY_BODY = YES;
				CLANG_WARN_ENUM_CONVERSION = YES;
				CLANG_WARN_INFINITE_RECURSION = YES;
				CLANG_WARN_INT_CONVERSION = YES;
				CLANG_WARN_OBJC_ROOT_CLASS = YES_ERROR;
				CLANG_WARN_SUSPICIOUS_MOVE = YES;
				CLANG_WARN_UNREACHABLE_CODE = YES;
				CLANG_WARN__DUPLICATE_METHOD_MATCH = YES;
				"CODE_SIGN_IDENTITY[sdk=iphoneos*]" = "iPhone Developer";
				COPY_PHASE_STRIP = NO;
				DEBUG_INFORMATION_FORMAT = "dwarf-with-dsym";
				ENABLE_NS_ASSERTIONS = NO;
				ENABLE_STRICT_OBJC_MSGSEND = YES;
				GCC_C_LANGUAGE_STANDARD = gnu99;
				GCC_NO_COMMON_BLOCKS = YES;
				GCC_WARN_64_TO_32_BIT_CONVERSION = YES;
				GCC_WARN_ABOUT_RETURN_TYPE = YES_ERROR;
				GCC_WARN_UNDECLARED_SELECTOR = YES;
				GCC_WARN_UNINITIALIZED_AUTOS = YES_AGGRESSIVE;
				GCC_WARN_UNUSED_FUNCTION = YES;
				GCC_WARN_UNUSED_VARIABLE = YES;
				IPHONEOS_DEPLOYMENT_TARGET = 10.2;
				MTL_ENABLE_DEBUG_INFO = NO;
				SDKROOT = iphoneos;
				VALIDATE_PRODUCT = YES;
			};
			name = Release;
		};
		6DEA77C81E79156800F3512C /* Debug */ = {
			isa = XCBuildConfiguration;
			buildSettings = {
				ASSETCATALOG_COMPILER_APPICON_NAME = AppIcon;
				DEVELOPMENT_TEAM = 487PQPPTGA;
				INFOPLIST_FILE = ZBLiveBarrage/Info.plist;
				IPHONEOS_DEPLOYMENT_TARGET = 8.0;
				LD_RUNPATH_SEARCH_PATHS = "$(inherited) @executable_path/Frameworks";
				PRODUCT_BUNDLE_IDENTIFIER = "git.zhang-bao.ZBLiveBarrage";
				PRODUCT_NAME = "$(TARGET_NAME)";
			};
			name = Debug;
		};
		6DEA77C91E79156800F3512C /* Release */ = {
			isa = XCBuildConfiguration;
			buildSettings = {
				ASSETCATALOG_COMPILER_APPICON_NAME = AppIcon;
				DEVELOPMENT_TEAM = 487PQPPTGA;
				INFOPLIST_FILE = ZBLiveBarrage/Info.plist;
				IPHONEOS_DEPLOYMENT_TARGET = 8.0;
				LD_RUNPATH_SEARCH_PATHS = "$(inherited) @executable_path/Frameworks";
				PRODUCT_BUNDLE_IDENTIFIER = "git.zhang-bao.ZBLiveBarrage";
				PRODUCT_NAME = "$(TARGET_NAME)";
			};
			name = Release;
		};
/* End XCBuildConfiguration section */

/* Begin XCConfigurationList section */
		6DEA77951E79156700F3512C /* Build configuration list for PBXProject "ZBLiveBarrage" */ = {
			isa = XCConfigurationList;
			buildConfigurations = (
				6DEA77C51E79156800F3512C /* Debug */,
				6DEA77C61E79156800F3512C /* Release */,
			);
			defaultConfigurationIsVisible = 0;
			defaultConfigurationName = Release;
		};
		6DEA77C71E79156800F3512C /* Build configuration list for PBXNativeTarget "ZBLiveBarrage" */ = {
			isa = XCConfigurationList;
			buildConfigurations = (
				6DEA77C81E79156800F3512C /* Debug */,
				6DEA77C91E79156800F3512C /* Release */,
			);
			defaultConfigurationIsVisible = 0;
			defaultConfigurationName = Release;
		};
/* End XCConfigurationList section */
	};
	rootObject = 6DEA77921E79156700F3512C /* Project object */;
}
